{
    "_readme": [
        "This file locks the dependencies of your project to a known state",
        "Read more about it at https://getcomposer.org/doc/01-basic-usage.md#installing-dependencies",
        "This file is @generated automatically"
    ],
    "content-hash": "ab85a3261bc50f9cfdb57ffeb63ab480",
    "packages": [
        {
            "name": "doctrine/annotations",
            "version": "1.13.2",
            "source": {
                "type": "git",
                "url": "https://github.com/doctrine/annotations.git",
                "reference": "5b668aef16090008790395c02c893b1ba13f7e08"
            },
            "dist": {
                "type": "zip",
                "url": "https://api.github.com/repos/doctrine/annotations/zipball/5b668aef16090008790395c02c893b1ba13f7e08",
                "reference": "5b668aef16090008790395c02c893b1ba13f7e08",
                "shasum": ""
            },
            "require": {
                "doctrine/lexer": "1.*",
                "ext-tokenizer": "*",
                "php": "^7.1 || ^8.0",
                "psr/cache": "^1 || ^2 || ^3"
            },
            "require-dev": {
                "doctrine/cache": "^1.11 || ^2.0",
                "doctrine/coding-standard": "^6.0 || ^8.1",
                "phpstan/phpstan": "^0.12.20",
                "phpunit/phpunit": "^7.5 || ^8.0 || ^9.1.5",
                "symfony/cache": "^4.4 || ^5.2"
            },
            "type": "library",
            "autoload": {
                "psr-4": {
                    "Doctrine\\Common\\Annotations\\": "lib/Doctrine/Common/Annotations"
                }
            },
            "notification-url": "https://packagist.org/downloads/",
            "license": [
                "MIT"
            ],
            "authors": [
                {
                    "name": "Guilherme Blanco",
                    "email": "guilhermeblanco@gmail.com"
                },
                {
                    "name": "Roman Borschel",
                    "email": "roman@code-factory.org"
                },
                {
                    "name": "Benjamin Eberlei",
                    "email": "kontakt@beberlei.de"
                },
                {
                    "name": "Jonathan Wage",
                    "email": "jonwage@gmail.com"
                },
                {
                    "name": "Johannes Schmitt",
                    "email": "schmittjoh@gmail.com"
                }
            ],
            "description": "Docblock Annotations Parser",
            "homepage": "https://www.doctrine-project.org/projects/annotations.html",
            "keywords": [
                "annotations",
                "docblock",
                "parser"
            ],
            "support": {
                "issues": "https://github.com/doctrine/annotations/issues",
                "source": "https://github.com/doctrine/annotations/tree/1.13.2"
            },
            "time": "2021-08-05T19:00:23+00:00"
        },
        {
            "name": "doctrine/instantiator",
            "version": "1.4.0",
            "source": {
                "type": "git",
                "url": "https://github.com/doctrine/instantiator.git",
                "reference": "d56bf6102915de5702778fe20f2de3b2fe570b5b"
            },
            "dist": {
                "type": "zip",
                "url": "https://api.github.com/repos/doctrine/instantiator/zipball/d56bf6102915de5702778fe20f2de3b2fe570b5b",
                "reference": "d56bf6102915de5702778fe20f2de3b2fe570b5b",
                "shasum": ""
            },
            "require": {
                "php": "^7.1 || ^8.0"
            },
            "require-dev": {
                "doctrine/coding-standard": "^8.0",
                "ext-pdo": "*",
                "ext-phar": "*",
                "phpbench/phpbench": "^0.13 || 1.0.0-alpha2",
                "phpstan/phpstan": "^0.12",
                "phpstan/phpstan-phpunit": "^0.12",
                "phpunit/phpunit": "^7.0 || ^8.0 || ^9.0"
            },
            "type": "library",
            "autoload": {
                "psr-4": {
                    "Doctrine\\Instantiator\\": "src/Doctrine/Instantiator/"
                }
            },
            "notification-url": "https://packagist.org/downloads/",
            "license": [
                "MIT"
            ],
            "authors": [
                {
                    "name": "Marco Pivetta",
                    "email": "ocramius@gmail.com",
                    "homepage": "https://ocramius.github.io/"
                }
            ],
            "description": "A small, lightweight utility to instantiate objects in PHP without invoking their constructors",
            "homepage": "https://www.doctrine-project.org/projects/instantiator.html",
            "keywords": [
                "constructor",
                "instantiate"
            ],
            "support": {
                "issues": "https://github.com/doctrine/instantiator/issues",
                "source": "https://github.com/doctrine/instantiator/tree/1.4.0"
            },
            "funding": [
                {
                    "url": "https://www.doctrine-project.org/sponsorship.html",
                    "type": "custom"
                },
                {
                    "url": "https://www.patreon.com/phpdoctrine",
                    "type": "patreon"
                },
                {
                    "url": "https://tidelift.com/funding/github/packagist/doctrine%2Finstantiator",
                    "type": "tidelift"
                }
            ],
            "time": "2020-11-10T18:47:58+00:00"
        },
        {
            "name": "doctrine/lexer",
            "version": "1.2.1",
            "source": {
                "type": "git",
                "url": "https://github.com/doctrine/lexer.git",
                "reference": "e864bbf5904cb8f5bb334f99209b48018522f042"
            },
            "dist": {
                "type": "zip",
                "url": "https://api.github.com/repos/doctrine/lexer/zipball/e864bbf5904cb8f5bb334f99209b48018522f042",
                "reference": "e864bbf5904cb8f5bb334f99209b48018522f042",
                "shasum": ""
            },
            "require": {
                "php": "^7.2 || ^8.0"
            },
            "require-dev": {
                "doctrine/coding-standard": "^6.0",
                "phpstan/phpstan": "^0.11.8",
                "phpunit/phpunit": "^8.2"
            },
            "type": "library",
            "extra": {
                "branch-alias": {
                    "dev-master": "1.2.x-dev"
                }
            },
            "autoload": {
                "psr-4": {
                    "Doctrine\\Common\\Lexer\\": "lib/Doctrine/Common/Lexer"
                }
            },
            "notification-url": "https://packagist.org/downloads/",
            "license": [
                "MIT"
            ],
            "authors": [
                {
                    "name": "Guilherme Blanco",
                    "email": "guilhermeblanco@gmail.com"
                },
                {
                    "name": "Roman Borschel",
                    "email": "roman@code-factory.org"
                },
                {
                    "name": "Johannes Schmitt",
                    "email": "schmittjoh@gmail.com"
                }
            ],
            "description": "PHP Doctrine Lexer parser library that can be used in Top-Down, Recursive Descent Parsers.",
            "homepage": "https://www.doctrine-project.org/projects/lexer.html",
            "keywords": [
                "annotations",
                "docblock",
                "lexer",
                "parser",
                "php"
            ],
            "support": {
                "issues": "https://github.com/doctrine/lexer/issues",
                "source": "https://github.com/doctrine/lexer/tree/1.2.1"
            },
            "funding": [
                {
                    "url": "https://www.doctrine-project.org/sponsorship.html",
                    "type": "custom"
                },
                {
                    "url": "https://www.patreon.com/phpdoctrine",
                    "type": "patreon"
                },
                {
                    "url": "https://tidelift.com/funding/github/packagist/doctrine%2Flexer",
                    "type": "tidelift"
                }
            ],
            "time": "2020-05-25T17:44:05+00:00"
        },
        {
            "name": "jms/metadata",
            "version": "2.5.1",
            "source": {
                "type": "git",
                "url": "https://github.com/schmittjoh/metadata.git",
                "reference": "a995e6cef6d6f56a6226e1616a519630e2ef0aeb"
            },
            "dist": {
                "type": "zip",
                "url": "https://api.github.com/repos/schmittjoh/metadata/zipball/a995e6cef6d6f56a6226e1616a519630e2ef0aeb",
                "reference": "a995e6cef6d6f56a6226e1616a519630e2ef0aeb",
                "shasum": ""
            },
            "require": {
                "php": "^7.2|^8.0"
            },
            "require-dev": {
                "doctrine/cache": "^1.0",
                "doctrine/coding-standard": "^8.0",
                "mikey179/vfsstream": "^1.6.7",
                "phpunit/phpunit": "^8.5|^9.0",
                "psr/container": "^1.0",
                "symfony/cache": "^3.1|^4.0|^5.0",
                "symfony/dependency-injection": "^3.1|^4.0|^5.0"
            },
            "type": "library",
            "extra": {
                "branch-alias": {
                    "dev-master": "2.x-dev"
                }
            },
            "autoload": {
                "psr-4": {
                    "Metadata\\": "src/"
                }
            },
            "notification-url": "https://packagist.org/downloads/",
            "license": [
                "MIT"
            ],
            "authors": [
                {
                    "name": "Johannes M. Schmitt",
                    "email": "schmittjoh@gmail.com"
                },
                {
                    "name": "Asmir Mustafic",
                    "email": "goetas@gmail.com"
                }
            ],
            "description": "Class/method/property metadata management in PHP",
            "keywords": [
                "annotations",
                "metadata",
                "xml",
                "yaml"
            ],
            "support": {
                "issues": "https://github.com/schmittjoh/metadata/issues",
                "source": "https://github.com/schmittjoh/metadata/tree/2.5.1"
            },
            "time": "2021-08-04T19:32:08+00:00"
        },
        {
            "name": "jms/serializer",
            "version": "3.14.0",
            "source": {
                "type": "git",
                "url": "https://github.com/schmittjoh/serializer.git",
                "reference": "bf371f55d8137fec4ff096bd45ff19e2db02ac4c"
            },
            "dist": {
                "type": "zip",
                "url": "https://api.github.com/repos/schmittjoh/serializer/zipball/bf371f55d8137fec4ff096bd45ff19e2db02ac4c",
                "reference": "bf371f55d8137fec4ff096bd45ff19e2db02ac4c",
                "shasum": ""
            },
            "require": {
                "doctrine/annotations": "^1.10.4",
                "doctrine/instantiator": "^1.0.3",
                "doctrine/lexer": "^1.1",
                "jms/metadata": "^2.0",
                "php": "^7.2||^8.0",
                "phpstan/phpdoc-parser": "^0.4 || ^0.5"
            },
            "require-dev": {
                "doctrine/coding-standard": "^8.1",
                "doctrine/orm": "~2.1",
                "doctrine/persistence": "^1.3.3|^2.0|^3.0",
                "doctrine/phpcr-odm": "^1.3|^2.0",
                "ext-pdo_sqlite": "*",
                "jackalope/jackalope-doctrine-dbal": "^1.1.5",
                "ocramius/proxy-manager": "^1.0|^2.0",
                "phpstan/phpstan": "^0.12.65",
                "phpunit/phpunit": "^8.0||^9.0",
                "psr/container": "^1.0",
                "symfony/dependency-injection": "^3.0|^4.0|^5.0",
                "symfony/expression-language": "^3.0|^4.0|^5.0",
                "symfony/filesystem": "^3.0|^4.0|^5.0",
                "symfony/form": "^3.0|^4.0|^5.0",
                "symfony/translation": "^3.0|^4.0|^5.0",
                "symfony/validator": "^3.1.9|^4.0|^5.0",
                "symfony/yaml": "^3.3|^4.0|^5.0",
                "twig/twig": "~1.34|~2.4|^3.0"
            },
            "suggest": {
                "doctrine/collections": "Required if you like to use doctrine collection types as ArrayCollection.",
                "symfony/cache": "Required if you like to use cache functionality.",
                "symfony/yaml": "Required if you'd like to use the YAML metadata format."
            },
            "type": "library",
            "extra": {
                "branch-alias": {
                    "dev-master": "3.14-dev"
                }
            },
            "autoload": {
                "psr-4": {
                    "JMS\\Serializer\\": "src/"
                }
            },
            "notification-url": "https://packagist.org/downloads/",
            "license": [
                "MIT"
            ],
            "authors": [
                {
                    "name": "Johannes M. Schmitt",
                    "email": "schmittjoh@gmail.com"
                },
                {
                    "name": "Asmir Mustafic",
                    "email": "goetas@gmail.com"
                }
            ],
            "description": "Library for (de-)serializing data of any complexity; supports XML, JSON, and YAML.",
            "homepage": "http://jmsyst.com/libs/serializer",
            "keywords": [
                "deserialization",
                "jaxb",
                "json",
                "serialization",
                "xml"
            ],
            "support": {
                "issues": "https://github.com/schmittjoh/serializer/issues",
                "source": "https://github.com/schmittjoh/serializer/tree/3.14.0"
            },
            "funding": [
                {
                    "url": "https://github.com/goetas",
                    "type": "github"
                }
            ],
            "time": "2021-08-06T12:10:02+00:00"
        },
        {
            "name": "phpstan/phpdoc-parser",
            "version": "0.5.7",
            "source": {
                "type": "git",
                "url": "https://github.com/phpstan/phpdoc-parser.git",
                "reference": "816e826ce0b7fb32098d8cb6de62511ce6021cea"
            },
            "dist": {
                "type": "zip",
                "url": "https://api.github.com/repos/phpstan/phpdoc-parser/zipball/816e826ce0b7fb32098d8cb6de62511ce6021cea",
                "reference": "816e826ce0b7fb32098d8cb6de62511ce6021cea",
                "shasum": ""
            },
            "require": {
                "php": "^7.1 || ^8.0"
            },
            "require-dev": {
                "php-parallel-lint/php-parallel-lint": "^1.2",
                "phpstan/extension-installer": "^1.0",
                "phpstan/phpstan": "^0.12.87",
                "phpstan/phpstan-strict-rules": "^0.12.5",
                "phpunit/phpunit": "^9.5",
                "symfony/process": "^5.2"
            },
            "type": "library",
            "extra": {
                "branch-alias": {
                    "dev-master": "0.5-dev"
                }
            },
            "autoload": {
                "psr-4": {
                    "PHPStan\\PhpDocParser\\": [
                        "src/"
                    ]
                }
            },
            "notification-url": "https://packagist.org/downloads/",
            "license": [
                "MIT"
            ],
            "description": "PHPDoc parser with support for nullable, intersection and generic types",
            "support": {
                "issues": "https://github.com/phpstan/phpdoc-parser/issues",
                "source": "https://github.com/phpstan/phpdoc-parser/tree/0.5.7"
            },
            "time": "2021-09-12T11:52:00+00:00"
        },
        {
            "name": "psr/cache",
            "version": "1.0.1",
            "source": {
                "type": "git",
                "url": "https://github.com/php-fig/cache.git",
                "reference": "d11b50ad223250cf17b86e38383413f5a6764bf8"
            },
            "dist": {
                "type": "zip",
                "url": "https://api.github.com/repos/php-fig/cache/zipball/d11b50ad223250cf17b86e38383413f5a6764bf8",
                "reference": "d11b50ad223250cf17b86e38383413f5a6764bf8",
                "shasum": ""
            },
            "require": {
                "php": ">=5.3.0"
            },
            "type": "library",
            "extra": {
                "branch-alias": {
                    "dev-master": "1.0.x-dev"
                }
            },
            "autoload": {
                "psr-4": {
                    "Psr\\Cache\\": "src/"
                }
            },
            "notification-url": "https://packagist.org/downloads/",
            "license": [
                "MIT"
            ],
            "authors": [
                {
                    "name": "PHP-FIG",
                    "homepage": "http://www.php-fig.org/"
                }
            ],
            "description": "Common interface for caching libraries",
            "keywords": [
                "cache",
                "psr",
                "psr-6"
            ],
            "support": {
                "source": "https://github.com/php-fig/cache/tree/master"
            },
            "time": "2016-08-06T20:24:11+00:00"
        },
        {
            "name": "psr/log",
            "version": "1.1.4",
            "source": {
                "type": "git",
                "url": "https://github.com/php-fig/log.git",
                "reference": "d49695b909c3b7628b6289db5479a1c204601f11"
            },
            "dist": {
                "type": "zip",
                "url": "https://api.github.com/repos/php-fig/log/zipball/d49695b909c3b7628b6289db5479a1c204601f11",
                "reference": "d49695b909c3b7628b6289db5479a1c204601f11",
                "shasum": ""
            },
            "require": {
                "php": ">=5.3.0"
            },
            "type": "library",
            "extra": {
                "branch-alias": {
                    "dev-master": "1.1.x-dev"
                }
            },
            "autoload": {
                "psr-4": {
                    "Psr\\Log\\": "Psr/Log/"
                }
            },
            "notification-url": "https://packagist.org/downloads/",
            "license": [
                "MIT"
            ],
            "authors": [
                {
                    "name": "PHP-FIG",
                    "homepage": "https://www.php-fig.org/"
                }
            ],
            "description": "Common interface for logging libraries",
            "homepage": "https://github.com/php-fig/log",
            "keywords": [
                "log",
                "psr",
                "psr-3"
            ],
            "support": {
                "source": "https://github.com/php-fig/log/tree/1.1.4"
            },
            "time": "2021-05-03T11:20:27+00:00"
        }
    ],
    "packages-dev": [],
    "aliases": [],
    "minimum-stability": "stable",
    "stability-flags": [],
    "prefer-stable": false,
    "prefer-lowest": false,
    "platform": {
        "ext-zlib": "*",
        "ext-simplexml": "*",
        "ext-sockets": "*",
        "ext-libxml": "*",
        "ext-json": "*"
    },
    "platform-dev": [],
    "plugin-api-version": "2.0.0"
}
